// !$*UTF8*$!
{
	archiveVersion = 1;
	classes = {
	};
	objectVersion = 50;
	objects = {

/* Begin PBXBuildFile section */
		10CC731A243D62F800E25A0C /* AppDelegate.swift in Sources */ = {isa = PBXBuildFile; fileRef = 10CC7319243D62F800E25A0C /* AppDelegate.swift */; };
		10CC731C243D62F800E25A0C /* SceneDelegate.swift in Sources */ = {isa = PBXBuildFile; fileRef = 10CC731B243D62F800E25A0C /* SceneDelegate.swift */; };
		10CC731E243D62F800E25A0C /* ViewController.swift in Sources */ = {isa = PBXBuildFile; fileRef = 10CC731D243D62F800E25A0C /* ViewController.swift */; };
		10CC7321243D62F800E25A0C /* Main.storyboard in Resources */ = {isa = PBXBuildFile; fileRef = 10CC731F243D62F800E25A0C /* Main.storyboard */; };
		10CC7323243D62FB00E25A0C /* Assets.xcassets in Resources */ = {isa = PBXBuildFile; fileRef = 10CC7322243D62FB00E25A0C /* Assets.xcassets */; };
		10CC7326243D62FB00E25A0C /* LaunchScreen.storyboard in Resources */ = {isa = PBXBuildFile; fileRef = 10CC7324243D62FB00E25A0C /* LaunchScreen.storyboard */; };
		10CC7331243D62FC00E25A0C /* flixsterTests.swift in Sources */ = {isa = PBXBuildFile; fileRef = 10CC7330243D62FC00E25A0C /* flixsterTests.swift */; };
		10CC733C243D62FC00E25A0C /* flixsterUITests.swift in Sources */ = {isa = PBXBuildFile; fileRef = 10CC733B243D62FC00E25A0C /* flixsterUITests.swift */; };
/* End PBXBuildFile section */

/* Begin PBXContainerItemProxy section */
		10CC732D243D62FC00E25A0C /* PBXContainerItemProxy */ = {
			isa = PBXContainerItemProxy;
			containerPortal = 10CC730E243D62F800E25A0C /* Project object */;
			proxyType = 1;
			remoteGlobalIDString = 10CC7315243D62F800E25A0C;
			remoteInfo = flixster;
		};
		10CC7338243D62FC00E25A0C /* PBXContainerItemProxy */ = {
			isa = PBXContainerItemProxy;
			containerPortal = 10CC730E243D62F800E25A0C /* Project object */;
			proxyType = 1;
			remoteGlobalIDString = 10CC7315243D62F800E25A0C;
			remoteInfo = flixster;
		};
/* End PBXContainerItemProxy section */

/* Begin PBXFileReference section */
		10CC7316243D62F800E25A0C /* flixster.app */ = {isa = PBXFileReference; explicitFileType = wrapper.application; includeInIndex = 0; path = flixster.app; sourceTree = BUILT_PRODUCTS_DIR; };
		10CC7319243D62F800E25A0C /* AppDelegate.swift */ = {isa = PBXFileReference; lastKnownFileType = sourcecode.swift; path = AppDelegate.swift; sourceTree = "<group>"; };
		10CC731B243D62F800E25A0C /* SceneDelegate.swift */ = {isa = PBXFileReference; lastKnownFileType = sourcecode.swift; path = SceneDelegate.swift; sourceTree = "<group>"; };
		10CC731D243D62F800E25A0C /* ViewController.swift */ = {isa = PBXFileReference; lastKnownFileType = sourcecode.swift; path = ViewController.swift; sourceTree = "<group>"; };
		10CC7320243D62F800E25A0C /* Base */ = {isa = PBXFileReference; lastKnownFileType = file.storyboard; name = Base; path = Base.lproj/Main.storyboard; sourceTree = "<group>"; };
		10CC7322243D62FB00E25A0C /* Assets.xcassets */ = {isa = PBXFileReference; lastKnownFileType = folder.assetcatalog; path = Assets.xcassets; sourceTree = "<group>"; };
		10CC7325243D62FB00E25A0C /* Base */ = {isa = PBXFileReference; lastKnownFileType = file.storyboard; name = Base; path = Base.lproj/LaunchScreen.storyboard; sourceTree = "<group>"; };
		10CC7327243D62FB00E25A0C /* Info.plist */ = {isa = PBXFileReference; lastKnownFileType = text.plist.xml; path = Info.plist; sourceTree = "<group>"; };
		10CC732C243D62FC00E25A0C /* flixsterTests.xctest */ = {isa = PBXFileReference; explicitFileType = wrapper.cfbundle; includeInIndex = 0; path = flixsterTests.xctest; sourceTree = BUILT_PRODUCTS_DIR; };
		10CC7330243D62FC00E25A0C /* flixsterTests.swift */ = {isa = PBXFileReference; lastKnownFileType = sourcecode.swift; path = flixsterTests.swift; sourceTree = "<group>"; };
		10CC7332243D62FC00E25A0C /* Info.plist */ = {isa = PBXFileReference; lastKnownFileType = text.plist.xml; path = Info.plist; sourceTree = "<group>"; };
		10CC7337243D62FC00E25A0C /* flixsterUITests.xctest */ = {isa = PBXFileReference; explicitFileType = wrapper.cfbundle; includeInIndex = 0; path = flixsterUITests.xctest; sourceTree = BUILT_PRODUCTS_DIR; };
		10CC733B243D62FC00E25A0C /* flixsterUITests.swift */ = {isa = PBXFileReference; lastKnownFileType = sourcecode.swift; path = flixsterUITests.swift; sourceTree = "<group>"; };
		10CC733D243D62FC00E25A0C /* Info.plist */ = {isa = PBXFileReference; lastKnownFileType = text.plist.xml; path = Info.plist; sourceTree = "<group>"; };
/* End PBXFileReference section */

/* Begin PBXFrameworksBuildPhase section */
		10CC7313243D62F800E25A0C /* Frameworks */ = {
			isa = PBXFrameworksBuildPhase;
			buildActionMask = 2147483647;
			files = (
			);
			runOnlyForDeploymentPostprocessing = 0;
		};
		10CC7329243D62FC00E25A0C /* Frameworks */ = {
			isa = PBXFrameworksBuildPhase;
			buildActionMask = 2147483647;
			files = (
			);
			runOnlyForDeploymentPostprocessing = 0;
		};
		10CC7334243D62FC00E25A0C /* Frameworks */ = {
			isa = PBXFrameworksBuildPhase;
			buildActionMask = 2147483647;
			files = (
			);
			runOnlyForDeploymentPostprocessing = 0;
		};
/* End PBXFrameworksBuildPhase section */

/* Begin PBXGroup section */
		10CC730D243D62F800E25A0C = {
			isa = PBXGroup;
			children = (
				10CC7318243D62F800E25A0C /* flixster */,
				10CC732F243D62FC00E25A0C /* flixsterTests */,
				10CC733A243D62FC00E25A0C /* flixsterUITests */,
				10CC7317243D62F800E25A0C /* Products */,
			);
			sourceTree = "<group>";
		};
		10CC7317243D62F800E25A0C /* Products */ = {
			isa = PBXGroup;
			children = (
				10CC7316243D62F800E25A0C /* flixster.app */,
				10CC732C243D62FC00E25A0C /* flixsterTests.xctest */,
				10CC7337243D62FC00E25A0C /* flixsterUITests.xctest */,
			);
			name = Products;
			sourceTree = "<group>";
		};
		10CC7318243D62F800E25A0C /* flixster */ = {
			isa = PBXGroup;
			children = (
				10CC7319243D62F800E25A0C /* AppDelegate.swift */,
				10CC731B243D62F800E25A0C /* SceneDelegate.swift */,
				10CC731D243D62F800E25A0C /* ViewController.swift */,
				10CC731F243D62F800E25A0C /* Main.storyboard */,
				10CC7322243D62FB00E25A0C /* Assets.xcassets */,
				10CC7324243D62FB00E25A0C /* LaunchScreen.storyboard */,
				10CC7327243D62FB00E25A0C /* Info.plist */,
			);
			path = flixster;
			sourceTree = "<group>";
		};
		10CC732F243D62FC00E25A0C /* flixsterTests */ = {
			isa = PBXGroup;
			children = (
				10CC7330243D62FC00E25A0C /* flixsterTests.swift */,
				10CC7332243D62FC00E25A0C /* Info.plist */,
			);
			path = flixsterTests;
			sourceTree = "<group>";
		};
		10CC733A243D62FC00E25A0C /* flixsterUITests */ = {
			isa = PBXGroup;
			children = (
				10CC733B243D62FC00E25A0C /* flixsterUITests.swift */,
				10CC733D243D62FC00E25A0C /* Info.plist */,
			);
			path = flixsterUITests;
			sourceTree = "<group>";
		};
/* End PBXGroup section */

/* Begin PBXNativeTarget section */
		10CC7315243D62F800E25A0C /* flixster */ = {
			isa = PBXNativeTarget;
			buildConfigurationList = 10CC7340243D62FC00E25A0C /* Build configuration list for PBXNativeTarget "flixster" */;
			buildPhases = (
				10CC7312243D62F800E25A0C /* Sources */,
				10CC7313243D62F800E25A0C /* Frameworks */,
				10CC7314243D62F800E25A0C /* Resources */,
			);
			buildRules = (
			);
			dependencies = (
			);
			name = flixster;
			productName = flixster;
			productReference = 10CC7316243D62F800E25A0C /* flixster.app */;
			productType = "com.apple.product-type.application";
		};
		10CC732B243D62FC00E25A0C /* flixsterTests */ = {
			isa = PBXNativeTarget;
			buildConfigurationList = 10CC7343243D62FC00E25A0C /* Build configuration list for PBXNativeTarget "flixsterTests" */;
			buildPhases = (
				10CC7328243D62FC00E25A0C /* Sources */,
				10CC7329243D62FC00E25A0C /* Frameworks */,
				10CC732A243D62FC00E25A0C /* Resources */,
			);
			buildRules = (
			);
			dependencies = (
				10CC732E243D62FC00E25A0C /* PBXTargetDependency */,
			);
			name = flixsterTests;
			productName = flixsterTests;
			productReference = 10CC732C243D62FC00E25A0C /* flixsterTests.xctest */;
			productType = "com.apple.product-type.bundle.unit-test";
		};
		10CC7336243D62FC00E25A0C /* flixsterUITests */ = {
			isa = PBXNativeTarget;
			buildConfigurationList = 10CC7346243D62FC00E25A0C /* Build configuration list for PBXNativeTarget "flixsterUITests" */;
			buildPhases = (
				10CC7333243D62FC00E25A0C /* Sources */,
				10CC7334243D62FC00E25A0C /* Frameworks */,
				10CC7335243D62FC00E25A0C /* Resources */,
			);
			buildRules = (
			);
			dependencies = (
				10CC7339243D62FC00E25A0C /* PBXTargetDependency */,
			);
			name = flixsterUITests;
			productName = flixsterUITests;
			productReference = 10CC7337243D62FC00E25A0C /* flixsterUITests.xctest */;
			productType = "com.apple.product-type.bundle.ui-testing";
		};
/* End PBXNativeTarget section */

/* Begin PBXProject section */
		10CC730E243D62F800E25A0C /* Project object */ = {
			isa = PBXProject;
			attributes = {
				LastSwiftUpdateCheck = 1140;
				LastUpgradeCheck = 1140;
				ORGANIZATIONNAME = "Maika Marin";
				TargetAttributes = {
					10CC7315243D62F800E25A0C = {
						CreatedOnToolsVersion = 11.4;
					};
					10CC732B243D62FC00E25A0C = {
						CreatedOnToolsVersion = 11.4;
						TestTargetID = 10CC7315243D62F800E25A0C;
					};
					10CC7336243D62FC00E25A0C = {
						CreatedOnToolsVersion = 11.4;
						TestTargetID = 10CC7315243D62F800E25A0C;
					};
				};
			};
			buildConfigurationList = 10CC7311243D62F800E25A0C /* Build configuration list for PBXProject "flixster" */;
			compatibilityVersion = "Xcode 9.3";
			developmentRegion = en;
			hasScannedForEncodings = 0;
			knownRegions = (
				en,
				Base,
			);
			mainGroup = 10CC730D243D62F800E25A0C;
			productRefGroup = 10CC7317243D62F800E25A0C /* Products */;
			projectDirPath = "";
			projectRoot = "";
			targets = (
				10CC7315243D62F800E25A0C /* flixster */,
				10CC732B243D62FC00E25A0C /* flixsterTests */,
				10CC7336243D62FC00E25A0C /* flixsterUITests */,
			);
		};
/* End PBXProject section */

/* Begin PBXResourcesBuildPhase section */
		10CC7314243D62F800E25A0C /* Resources */ = {
			isa = PBXResourcesBuildPhase;
			buildActionMask = 2147483647;
			files = (
				10CC7326243D62FB00E25A0C /* LaunchScreen.storyboard in Resources */,
				10CC7323243D62FB00E25A0C /* Assets.xcassets in Resources */,
				10CC7321243D62F800E25A0C /* Main.storyboard in Resources */,
			);
			runOnlyForDeploymentPostprocessing = 0;
		};
		10CC732A243D62FC00E25A0C /* Resources */ = {
			isa = PBXResourcesBuildPhase;
			buildActionMask = 2147483647;
			files = (
			);
			runOnlyForDeploymentPostprocessing = 0;
		};
		10CC7335243D62FC00E25A0C /* Resources */ = {
			isa = PBXResourcesBuildPhase;
			buildActionMask = 2147483647;
			files = (
			);
			runOnlyForDeploymentPostprocessing = 0;
		};
/* End PBXResourcesBuildPhase section */

/* Begin PBXSourcesBuildPhase section */
		10CC7312243D62F800E25A0C /* Sources */ = {
			isa = PBXSourcesBuildPhase;
			buildActionMask = 2147483647;
			files = (
				10CC731E243D62F800E25A0C /* ViewController.swift in Sources */,
				10CC731A243D62F800E25A0C /* AppDelegate.swift in Sources */,
				10CC731C243D62F800E25A0C /* SceneDelegate.swift in Sources */,
			);
			runOnlyForDeploymentPostprocessing = 0;
		};
		10CC7328243D62FC00E25A0C /* Sources */ = {
			isa = PBXSourcesBuildPhase;
			buildActionMask = 2147483647;
			files = (
				10CC7331243D62FC00E25A0C /* flixsterTests.swift in Sources */,
			);
			runOnlyForDeploymentPostprocessing = 0;
		};
		10CC7333243D62FC00E25A0C /* Sources */ = {
			isa = PBXSourcesBuildPhase;
			buildActionMask = 2147483647;
			files = (
				10CC733C243D62FC00E25A0C /* flixsterUITests.swift in Sources */,
			);
			runOnlyForDeploymentPostprocessing = 0;
		};
/* End PBXSourcesBuildPhase section */

/* Begin PBXTargetDependency section */
		10CC732E243D62FC00E25A0C /* PBXTargetDependency */ = {
			isa = PBXTargetDependency;
			target = 10CC7315243D62F800E25A0C /* flixster */;
			targetProxy = 10CC732D243D62FC00E25A0C /* PBXContainerItemProxy */;
		};
		10CC7339243D62FC00E25A0C /* PBXTargetDependency */ = {
			isa = PBXTargetDependency;
			target = 10CC7315243D62F800E25A0C /* flixster */;
			targetProxy = 10CC7338243D62FC00E25A0C /* PBXContainerItemProxy */;
		};
/* End PBXTargetDependency section */

/* Begin PBXVariantGroup section */
		10CC731F243D62F800E25A0C /* Main.storyboard */ = {
			isa = PBXVariantGroup;
			children = (
				10CC7320243D62F800E25A0C /* Base */,
			);
			name = Main.storyboard;
			sourceTree = "<group>";
		};
		10CC7324243D62FB00E25A0C /* LaunchScreen.storyboard */ = {
			isa = PBXVariantGroup;
			children = (
				10CC7325243D62FB00E25A0C /* Base */,
			);
			name = LaunchScreen.storyboard;
			sourceTree = "<group>";
		};
/* End PBXVariantGroup section */

/* Begin XCBuildConfiguration section */
		10CC733E243D62FC00E25A0C /* Debug */ = {
			isa = XCBuildConfiguration;
			buildSettings = {
				ALWAYS_SEARCH_USER_PATHS = NO;
				CLANG_ANALYZER_NONNULL = YES;
				CLANG_ANALYZER_NUMBER_OBJECT_CONVERSION = YES_AGGRESSIVE;
				CLANG_CXX_LANGUAGE_STANDARD = "gnu++14";
				CLANG_CXX_LIBRARY = "libc++";
				CLANG_ENABLE_MODULES = YES;
				CLANG_ENABLE_OBJC_ARC = YES;
				CLANG_ENABLE_OBJC_WEAK = YES;
				CLANG_WARN_BLOCK_CAPTURE_AUTORELEASING = YES;
				CLANG_WARN_BOOL_CONVERSION = YES;
				CLANG_WARN_COMMA = YES;
				CLANG_WARN_CONSTANT_CONVERSION = YES;
				CLANG_WARN_DEPRECATED_OBJC_IMPLEMENTATIONS = YES;
				CLANG_WARN_DIRECT_OBJC_ISA_USAGE = YES_ERROR;
				CLANG_WARN_DOCUMENTATION_COMMENTS = YES;
				CLANG_WARN_EMPTY_BODY = YES;
				CLANG_WARN_ENUM_CONVERSION = YES;
				CLANG_WARN_INFINITE_RECURSION = YES;
				CLANG_WARN_INT_CONVERSION = YES;
				CLANG_WARN_NON_LITERAL_NULL_CONVERSION = YES;
				CLANG_WARN_OBJC_IMPLICIT_RETAIN_SELF = YES;
				CLANG_WARN_OBJC_LITERAL_CONVERSION = YES;
				CLANG_WARN_OBJC_ROOT_CLASS = YES_ERROR;
				CLANG_WARN_RANGE_LOOP_ANALYSIS = YES;
				CLANG_WARN_STRICT_PROTOTYPES = YES;
				CLANG_WARN_SUSPICIOUS_MOVE = YES;
				CLANG_WARN_UNGUARDED_AVAILABILITY = YES_AGGRESSIVE;
				CLANG_WARN_UNREACHABLE_CODE = YES;
				CLANG_WARN__DUPLICATE_METHOD_MATCH = YES;
				COPY_PHASE_STRIP = NO;
				DEBUG_INFORMATION_FORMAT = dwarf;
				ENABLE_STRICT_OBJC_MSGSEND = YES;
				ENABLE_TESTABILITY = YES;
				GCC_C_LANGUAGE_STANDARD = gnu11;
				GCC_DYNAMIC_NO_PIC = NO;
				GCC_NO_COMMON_BLOCKS = YES;
				GCC_OPTIMIZATION_LEVEL = 0;
				GCC_PREPROCESSOR_DEFINITIONS = (
					"DEBUG=1",
					"$(inherited)",
				);
				GCC_WARN_64_TO_32_BIT_CONVERSION = YES;
				GCC_WARN_ABOUT_RETURN_TYPE = YES_ERROR;
				GCC_WARN_UNDECLARED_SELECTOR = YES;
				GCC_WARN_UNINITIALIZED_AUTOS = YES_AGGRESSIVE;
				GCC_WARN_UNUSED_FUNCTION = YES;
				GCC_WARN_UNUSED_VARIABLE = YES;
				IPHONEOS_DEPLOYMENT_TARGET = 13.4;
				MTL_ENABLE_DEBUG_INFO = INCLUDE_SOURCE;
				MTL_FAST_MATH = YES;
				ONLY_ACTIVE_ARCH = YES;
				SDKROOT = iphoneos;
				SWIFT_ACTIVE_COMPILATION_CONDITIONS = DEBUG;
				SWIFT_OPTIMIZATION_LEVEL = "-Onone";
			};
			name = Debug;
		};
		10CC733F243D62FC00E25A0C /* Release */ = {
			isa = XCBuildConfiguration;
			buildSettings = {
				ALWAYS_SEARCH_USER_PATHS = NO;
				CLANG_ANALYZER_NONNULL = YES;
				CLANG_ANALYZER_NUMBER_OBJECT_CONVERSION = YES_AGGRESSIVE;
				CLANG_CXX_LANGUAGE_STANDARD = "gnu++14";
				CLANG_CXX_LIBRARY = "libc++";
				CLANG_ENABLE_MODULES = YES;
				CLANG_ENABLE_OBJC_ARC = YES;
				CLANG_ENABLE_OBJC_WEAK = YES;
				CLANG_WARN_BLOCK_CAPTURE_AUTORELEASING = YES;
				CLANG_WARN_BOOL_CONVERSION = YES;
				CLANG_WARN_COMMA = YES;
				CLANG_WARN_CONSTANT_CONVERSION = YES;
				CLANG_WARN_DEPRECATED_OBJC_IMPLEMENTATIONS = YES;
				CLANG_WARN_DIRECT_OBJC_ISA_USAGE = YES_ERROR;
				CLANG_WARN_DOCUMENTATION_COMMENTS = YES;
				CLANG_WARN_EMPTY_BODY = YES;
				CLANG_WARN_ENUM_CONVERSION = YES;
				CLANG_WARN_INFINITE_RECURSION = YES;
				CLANG_WARN_INT_CONVERSION = YES;
				CLANG_WARN_NON_LITERAL_NULL_CONVERSION = YES;
				CLANG_WARN_OBJC_IMPLICIT_RETAIN_SELF = YES;
				CLANG_WARN_OBJC_LITERAL_CONVERSION = YES;
				CLANG_WARN_OBJC_ROOT_CLASS = YES_ERROR;
				CLANG_WARN_RANGE_LOOP_ANALYSIS = YES;
				CLANG_WARN_STRICT_PROTOTYPES = YES;
				CLANG_WARN_SUSPICIOUS_MOVE = YES;
				CLANG_WARN_UNGUARDED_AVAILABILITY = YES_AGGRESSIVE;
				CLANG_WARN_UNREACHABLE_CODE = YES;
				CLANG_WARN__DUPLICATE_METHOD_MATCH = YES;
				COPY_PHASE_STRIP = NO;
				DEBUG_INFORMATION_FORMAT = "dwarf-with-dsym";
				ENABLE_NS_ASSERTIONS = NO;
				ENABLE_STRICT_OBJC_MSGSEND = YES;
				GCC_C_LANGUAGE_STANDARD = gnu11;
				GCC_NO_COMMON_BLOCKS = YES;
				GCC_WARN_64_TO_32_BIT_CONVERSION = YES;
				GCC_WARN_ABOUT_RETURN_TYPE = YES_ERROR;
				GCC_WARN_UNDECLARED_SELECTOR = YES;
				GCC_WARN_UNINITIALIZED_AUTOS = YES_AGGRESSIVE;
				GCC_WARN_UNUSED_FUNCTION = YES;
				GCC_WARN_UNUSED_VARIABLE = YES;
				IPHONEOS_DEPLOYMENT_TARGET = 13.4;
				MTL_ENABLE_DEBUG_INFO = NO;
				MTL_FAST_MATH = YES;
				SDKROOT = iphoneos;
				SWIFT_COMPILATION_MODE = wholemodule;
				SWIFT_OPTIMIZATION_LEVEL = "-O";
				VALIDATE_PRODUCT = YES;
			};
			name = Release;
		};
		10CC7341243D62FC00E25A0C /* Debug */ = {
			isa = XCBuildConfiguration;
			buildSettings = {
				ASSETCATALOG_COMPILER_APPICON_NAME = AppIcon;
				CODE_SIGN_STYLE = Automatic;
				INFOPLIST_FILE = flixster/Info.plist;
				LD_RUNPATH_SEARCH_PATHS = (
					"$(inherited)",
					"@executable_path/Frameworks",
				);
				PRODUCT_BUNDLE_IDENTIFIER = Codepath.flixster;
				PRODUCT_NAME = "$(TARGET_NAME)";
				SWIFT_VERSION = 5.0;
				TARGETED_DEVICE_FAMILY = "1,2";
			};
			name = Debug;
		};
		10CC7342243D62FC00E25A0C /* Release */ = {
			isa = XCBuildConfiguration;
			buildSettings = {
				ASSETCATALOG_COMPILER_APPICON_NAME = AppIcon;
				CODE_SIGN_STYLE = Automatic;
				INFOPLIST_FILE = flixster/Info.plist;
				LD_RUNPATH_SEARCH_PATHS = (
					"$(inherited)",
					"@executable_path/Frameworks",
				);
				PRODUCT_BUNDLE_IDENTIFIER = Codepath.flixster;
				PRODUCT_NAME = "$(TARGET_NAME)";
				SWIFT_VERSION = 5.0;
				TARGETED_DEVICE_FAMILY = "1,2";
			};
			name = Release;
		};
		10CC7344243D62FC00E25A0C /* Debug */ = {
			isa = XCBuildConfiguration;
			buildSettings = {
				ALWAYS_EMBED_SWIFT_STANDARD_LIBRARIES = YES;
				BUNDLE_LOADER = "$(TEST_HOST)";
				CODE_SIGN_STYLE = Automatic;
				INFOPLIST_FILE = flixsterTests/Info.plist;
				IPHONEOS_DEPLOYMENT_TARGET = 13.4;
				LD_RUNPATH_SEARCH_PATHS = (
					"$(inherited)",
					"@executable_path/Frameworks",
					"@loader_path/Frameworks",
				);
				PRODUCT_BUNDLE_IDENTIFIER = Codepath.flixsterTests;
				PRODUCT_NAME = "$(TARGET_NAME)";
				SWIFT_VERSION = 5.0;
				TARGETED_DEVICE_FAMILY = "1,2";
				TEST_HOST = "$(BUILT_PRODUCTS_DIR)/flixster.app/flixster";
			};
			name = Debug;
		};
		10CC7345243D62FC00E25A0C /* Release */ = {
			isa = XCBuildConfiguration;
			buildSettings = {
				ALWAYS_EMBED_SWIFT_STANDARD_LIBRARIES = YES;
				BUNDLE_LOADER = "$(TEST_HOST)";
				CODE_SIGN_STYLE = Automatic;
				INFOPLIST_FILE = flixsterTests/Info.plist;
				IPHONEOS_DEPLOYMENT_TARGET = 13.4;
				LD_RUNPATH_SEARCH_PATHS = (
					"$(inherited)",
					"@executable_path/Frameworks",
					"@loader_path/Frameworks",
				);
				PRODUCT_BUNDLE_IDENTIFIER = Codepath.flixsterTests;
				PRODUCT_NAME = "$(TARGET_NAME)";
				SWIFT_VERSION = 5.0;
				TARGETED_DEVICE_FAMILY = "1,2";
				TEST_HOST = "$(BUILT_PRODUCTS_DIR)/flixster.app/flixster";
			};
			name = Release;
		};
		10CC7347243D62FC00E25A0C /* Debug */ = {
			isa = XCBuildConfiguration;
			buildSettings = {
				ALWAYS_EMBED_SWIFT_STANDARD_LIBRARIES = YES;
				CODE_SIGN_STYLE = Automatic;
				INFOPLIST_FILE = flixsterUITests/Info.plist;
				LD_RUNPATH_SEARCH_PATHS = (
					"$(inherited)",
					"@executable_path/Frameworks",
					"@loader_path/Frameworks",
				);
				PRODUCT_BUNDLE_IDENTIFIER = Codepath.flixsterUITests;
				PRODUCT_NAME = "$(TARGET_NAME)";
				SWIFT_VERSION = 5.0;
				TARGETED_DEVICE_FAMILY = "1,2";
				TEST_TARGET_NAME = flixster;
			};
			name = Debug;
		};
		10CC7348243D62FC00E25A0C /* Release */ = {
			isa = XCBuildConfiguration;
			buildSettings = {
				ALWAYS_EMBED_SWIFT_STANDARD_LIBRARIES = YES;
				CODE_SIGN_STYLE = Automatic;
				INFOPLIST_FILE = flixsterUITests/Info.plist;
				LD_RUNPATH_SEARCH_PATHS = (
					"$(inherited)",
					"@executable_path/Frameworks",
					"@loader_path/Frameworks",
				);
				PRODUCT_BUNDLE_IDENTIFIER = Codepath.flixsterUITests;
				PRODUCT_NAME = "$(TARGET_NAME)";
				SWIFT_VERSION = 5.0;
				TARGETED_DEVICE_FAMILY = "1,2";
				TEST_TARGET_NAME = flixster;
			};
			name = Release;
		};
/* End XCBuildConfiguration section */

/* Begin XCConfigurationList section */
		10CC7311243D62F800E25A0C /* Build configuration list for PBXProject "flixster" */ = {
			isa = XCConfigurationList;
			buildConfigurations = (
				10CC733E243D62FC00E25A0C /* Debug */,
				10CC733F243D62FC00E25A0C /* Release */,
			);
			defaultConfigurationIsVisible = 0;
			defaultConfigurationName = Release;
		};
		10CC7340243D62FC00E25A0C /* Build configuration list for PBXNativeTarget "flixster" */ = {
			isa = XCConfigurationList;
			buildConfigurations = (
				10CC7341243D62FC00E25A0C /* Debug */,
				10CC7342243D62FC00E25A0C /* Release */,
			);
			defaultConfigurationIsVisible = 0;
			defaultConfigurationName = Release;
		};
		10CC7343243D62FC00E25A0C /* Build configuration list for PBXNativeTarget "flixsterTests" */ = {
			isa = XCConfigurationList;
			buildConfigurations = (
				10CC7344243D62FC00E25A0C /* Debug */,
				10CC7345243D62FC00E25A0C /* Release */,
			);
			defaultConfigurationIsVisible = 0;
			defaultConfigurationName = Release;
		};
		10CC7346243D62FC00E25A0C /* Build configuration list for PBXNativeTarget "flixsterUITests" */ = {
			isa = XCConfigurationList;
			buildConfigurations = (
				10CC7347243D62FC00E25A0C /* Debug */,
				10CC7348243D62FC00E25A0C /* Release */,
			);
			defaultConfigurationIsVisible = 0;
			defaultConfigurationName = Release;
		};
/* End XCConfigurationList section */
	};
	rootObject = 10CC730E243D62F800E25A0C /* Project object */;
}
